// !$*UTF8*$!
{
	archiveVersion = 1;
	classes = {
	};
	objectVersion = 46;
	objects = {

/* Begin PBXBuildFile section */
		9B03DA351AA51D3000DE5D53 /* Utils.m in Sources */ = {isa = PBXBuildFile; fileRef = 9B03DA341AA51D3000DE5D53 /* Utils.m */; };
		9B234EC91AA3AB9400408265 /* NotificationCard.m in Sources */ = {isa = PBXBuildFile; fileRef = 9B234EC81AA3AB9400408265 /* NotificationCard.m */; };
		9B92853F1AA2CAA1009EF4DD /* TrueCards.xcdatamodeld in Sources */ = {isa = PBXBuildFile; fileRef = 9B92853D1AA2CAA1009EF4DD /* TrueCards.xcdatamodeld */; };
		9B9285421AA2CC0B009EF4DD /* CDManager.m in Sources */ = {isa = PBXBuildFile; fileRef = 9B9285411AA2CC0B009EF4DD /* CDManager.m */; };
		9B9285471AA2DB72009EF4DD /* TOSMenu.m in Sources */ = {isa = PBXBuildFile; fileRef = 9B9285461AA2DB72009EF4DD /* TOSMenu.m */; };
		9BB30A451A9C0D4D006EB245 /* main.m in Sources */ = {isa = PBXBuildFile; fileRef = 9BB30A441A9C0D4D006EB245 /* main.m */; };
		9BB30A481A9C0D4D006EB245 /* AppDelegate.m in Sources */ = {isa = PBXBuildFile; fileRef = 9BB30A471A9C0D4D006EB245 /* AppDelegate.m */; };
		9BB30A4A1A9C0D4D006EB245 /* Images.xcassets in Resources */ = {isa = PBXBuildFile; fileRef = 9BB30A491A9C0D4D006EB245 /* Images.xcassets */; };
		9BB30A4D1A9C0D4D006EB245 /* MainMenu.xib in Resources */ = {isa = PBXBuildFile; fileRef = 9BB30A4B1A9C0D4D006EB245 /* MainMenu.xib */; };
		9BB30A591A9C0D4D006EB245 /* tosTests.m in Sources */ = {isa = PBXBuildFile; fileRef = 9BB30A581A9C0D4D006EB245 /* tosTests.m */; };
		9BB3CD551A9FBF1F009803C6 /* TOSLog.m in Sources */ = {isa = PBXBuildFile; fileRef = 9BB3CD541A9FBF1F009803C6 /* TOSLog.m */; };
		9BD61C3E1AA669C300D8E510 /* TOSAlgorithm.m in Sources */ = {isa = PBXBuildFile; fileRef = 9BD61C3D1AA669C300D8E510 /* TOSAlgorithm.m */; };
		9BE2FEF91AA06FA400E02FD1 /* transparent.png in Resources */ = {isa = PBXBuildFile; fileRef = 9BE2FEF81AA06FA400E02FD1 /* transparent.png */; };
		9BE2FEFC1AA070AC00E02FD1 /* TrueCard.m in Sources */ = {isa = PBXBuildFile; fileRef = 9BE2FEFB1AA070AC00E02FD1 /* TrueCard.m */; };
/* End PBXBuildFile section */

/* Begin PBXBuildRule section */
		9B9285441AA2D664009EF4DD /* PBXBuildRule */ = {
			isa = PBXBuildRule;
			compilerSpec = com.apple.compilers.proxy.script;
			fileType = wrapper.xcdatamodel;
			isEditable = 1;
			outputFiles = (
			);
			script = "# momc\n";
		};
/* End PBXBuildRule section */

/* Begin PBXContainerItemProxy section */
		9BB30A531A9C0D4D006EB245 /* PBXContainerItemProxy */ = {
			isa = PBXContainerItemProxy;
			containerPortal = 9BB30A371A9C0D4D006EB245 /* Project object */;
			proxyType = 1;
			remoteGlobalIDString = 9BB30A3E1A9C0D4D006EB245;
			remoteInfo = tos;
		};
/* End PBXContainerItemProxy section */

/* Begin PBXFileReference section */
		9B03DA331AA51D3000DE5D53 /* Utils.h */ = {isa = PBXFileReference; fileEncoding = 4; lastKnownFileType = sourcecode.c.h; path = Utils.h; sourceTree = "<group>"; };
		9B03DA341AA51D3000DE5D53 /* Utils.m */ = {isa = PBXFileReference; fileEncoding = 4; lastKnownFileType = sourcecode.c.objc; path = Utils.m; sourceTree = "<group>"; };
		9B234EC71AA3AB9400408265 /* NotificationCard.h */ = {isa = PBXFileReference; fileEncoding = 4; lastKnownFileType = sourcecode.c.h; path = NotificationCard.h; sourceTree = "<group>"; };
		9B234EC81AA3AB9400408265 /* NotificationCard.m */ = {isa = PBXFileReference; fileEncoding = 4; lastKnownFileType = sourcecode.c.objc; path = NotificationCard.m; sourceTree = "<group>"; };
		9B92853E1AA2CAA1009EF4DD /* TrueCards.xcdatamodel */ = {isa = PBXFileReference; lastKnownFileType = wrapper.xcdatamodel; path = TrueCards.xcdatamodel; sourceTree = "<group>"; };
		9B9285401AA2CC0B009EF4DD /* CDManager.h */ = {isa = PBXFileReference; fileEncoding = 4; lastKnownFileType = sourcecode.c.h; path = CDManager.h; sourceTree = "<group>"; };
		9B9285411AA2CC0B009EF4DD /* CDManager.m */ = {isa = PBXFileReference; fileEncoding = 4; lastKnownFileType = sourcecode.c.objc; path = CDManager.m; sourceTree = "<group>"; };
		9B9285451AA2DB72009EF4DD /* TOSMenu.h */ = {isa = PBXFileReference; fileEncoding = 4; lastKnownFileType = sourcecode.c.h; path = TOSMenu.h; sourceTree = "<group>"; };
		9B9285461AA2DB72009EF4DD /* TOSMenu.m */ = {isa = PBXFileReference; fileEncoding = 4; lastKnownFileType = sourcecode.c.objc; path = TOSMenu.m; sourceTree = "<group>"; };
		9BB30A3F1A9C0D4D006EB245 /* tos.app */ = {isa = PBXFileReference; explicitFileType = wrapper.application; includeInIndex = 0; path = tos.app; sourceTree = BUILT_PRODUCTS_DIR; };
		9BB30A431A9C0D4D006EB245 /* Info.plist */ = {isa = PBXFileReference; lastKnownFileType = text.plist.xml; path = Info.plist; sourceTree = "<group>"; };
		9BB30A441A9C0D4D006EB245 /* main.m */ = {isa = PBXFileReference; lastKnownFileType = sourcecode.c.objc; path = main.m; sourceTree = "<group>"; };
		9BB30A461A9C0D4D006EB245 /* AppDelegate.h */ = {isa = PBXFileReference; lastKnownFileType = sourcecode.c.h; path = AppDelegate.h; sourceTree = "<group>"; };
		9BB30A471A9C0D4D006EB245 /* AppDelegate.m */ = {isa = PBXFileReference; lastKnownFileType = sourcecode.c.objc; path = AppDelegate.m; sourceTree = "<group>"; };
		9BB30A491A9C0D4D006EB245 /* Images.xcassets */ = {isa = PBXFileReference; lastKnownFileType = folder.assetcatalog; path = Images.xcassets; sourceTree = "<group>"; };
		9BB30A4C1A9C0D4D006EB245 /* Base */ = {isa = PBXFileReference; lastKnownFileType = file.xib; name = Base; path = Base.lproj/MainMenu.xib; sourceTree = "<group>"; };
		9BB30A521A9C0D4D006EB245 /* tosTests.xctest */ = {isa = PBXFileReference; explicitFileType = wrapper.cfbundle; includeInIndex = 0; path = tosTests.xctest; sourceTree = BUILT_PRODUCTS_DIR; };
		9BB30A571A9C0D4D006EB245 /* Info.plist */ = {isa = PBXFileReference; lastKnownFileType = text.plist.xml; path = Info.plist; sourceTree = "<group>"; };
		9BB30A581A9C0D4D006EB245 /* tosTests.m */ = {isa = PBXFileReference; lastKnownFileType = sourcecode.c.objc; path = tosTests.m; sourceTree = "<group>"; };
		9BB3CD531A9FBF1F009803C6 /* TOSLog.h */ = {isa = PBXFileReference; fileEncoding = 4; lastKnownFileType = sourcecode.c.h; path = TOSLog.h; sourceTree = "<group>"; };
		9BB3CD541A9FBF1F009803C6 /* TOSLog.m */ = {isa = PBXFileReference; fileEncoding = 4; lastKnownFileType = sourcecode.c.objc; path = TOSLog.m; sourceTree = "<group>"; };
		9BB3CD561A9FED61009803C6 /* defines.h */ = {isa = PBXFileReference; lastKnownFileType = sourcecode.c.h; path = defines.h; sourceTree = "<group>"; };
		9BD61C3C1AA669C300D8E510 /* TOSAlgorithm.h */ = {isa = PBXFileReference; fileEncoding = 4; lastKnownFileType = sourcecode.c.h; path = TOSAlgorithm.h; sourceTree = "<group>"; };
		9BD61C3D1AA669C300D8E510 /* TOSAlgorithm.m */ = {isa = PBXFileReference; fileEncoding = 4; lastKnownFileType = sourcecode.c.objc; path = TOSAlgorithm.m; sourceTree = "<group>"; };
		9BE2FEF81AA06FA400E02FD1 /* transparent.png */ = {isa = PBXFileReference; lastKnownFileType = image.png; path = transparent.png; sourceTree = "<group>"; };
		9BE2FEFA1AA070AC00E02FD1 /* TrueCard.h */ = {isa = PBXFileReference; fileEncoding = 4; lastKnownFileType = sourcecode.c.h; path = TrueCard.h; sourceTree = "<group>"; };
		9BE2FEFB1AA070AC00E02FD1 /* TrueCard.m */ = {isa = PBXFileReference; fileEncoding = 4; lastKnownFileType = sourcecode.c.objc; path = TrueCard.m; sourceTree = "<group>"; };
/* End PBXFileReference section */

/* Begin PBXFrameworksBuildPhase section */
		9BB30A3C1A9C0D4D006EB245 /* Frameworks */ = {
			isa = PBXFrameworksBuildPhase;
			buildActionMask = 2147483647;
			files = (
			);
			runOnlyForDeploymentPostprocessing = 0;
		};
		9BB30A4F1A9C0D4D006EB245 /* Frameworks */ = {
			isa = PBXFrameworksBuildPhase;
			buildActionMask = 2147483647;
			files = (
			);
			runOnlyForDeploymentPostprocessing = 0;
		};
/* End PBXFrameworksBuildPhase section */

/* Begin PBXGroup section */
		9BB30A361A9C0D4D006EB245 = {
			isa = PBXGroup;
			children = (
				9BB30A411A9C0D4D006EB245 /* tos */,
				9BB30A551A9C0D4D006EB245 /* tosTests */,
				9BB30A401A9C0D4D006EB245 /* Products */,
			);
			sourceTree = "<group>";
		};
		9BB30A401A9C0D4D006EB245 /* Products */ = {
			isa = PBXGroup;
			children = (
				9BB30A3F1A9C0D4D006EB245 /* tos.app */,
				9BB30A521A9C0D4D006EB245 /* tosTests.xctest */,
			);
			name = Products;
			sourceTree = "<group>";
		};
		9BB30A411A9C0D4D006EB245 /* tos */ = {
			isa = PBXGroup;
			children = (
				9BD61C3C1AA669C300D8E510 /* TOSAlgorithm.h */,
				9BD61C3D1AA669C300D8E510 /* TOSAlgorithm.m */,
				9BE2FEF81AA06FA400E02FD1 /* transparent.png */,
				9BB30A461A9C0D4D006EB245 /* AppDelegate.h */,
				9BB30A471A9C0D4D006EB245 /* AppDelegate.m */,
				9B9285451AA2DB72009EF4DD /* TOSMenu.h */,
				9B9285461AA2DB72009EF4DD /* TOSMenu.m */,
				9BB30A491A9C0D4D006EB245 /* Images.xcassets */,
				9BB30A4B1A9C0D4D006EB245 /* MainMenu.xib */,
				9BB30A421A9C0D4D006EB245 /* Supporting Files */,
				9BB3CD531A9FBF1F009803C6 /* TOSLog.h */,
				9BB3CD541A9FBF1F009803C6 /* TOSLog.m */,
				9BB3CD561A9FED61009803C6 /* defines.h */,
				9BE2FEFA1AA070AC00E02FD1 /* TrueCard.h */,
				9BE2FEFB1AA070AC00E02FD1 /* TrueCard.m */,
				9B92853D1AA2CAA1009EF4DD /* TrueCards.xcdatamodeld */,
				9B9285401AA2CC0B009EF4DD /* CDManager.h */,
				9B9285411AA2CC0B009EF4DD /* CDManager.m */,
				9B234EC71AA3AB9400408265 /* NotificationCard.h */,
				9B234EC81AA3AB9400408265 /* NotificationCard.m */,
				9B03DA331AA51D3000DE5D53 /* Utils.h */,
				9B03DA341AA51D3000DE5D53 /* Utils.m */,
			);
			path = tos;
			sourceTree = "<group>";
		};
		9BB30A421A9C0D4D006EB245 /* Supporting Files */ = {
			isa = PBXGroup;
			children = (
				9BB30A431A9C0D4D006EB245 /* Info.plist */,
				9BB30A441A9C0D4D006EB245 /* main.m */,
			);
			name = "Supporting Files";
			sourceTree = "<group>";
		};
		9BB30A551A9C0D4D006EB245 /* tosTests */ = {
			isa = PBXGroup;
			children = (
				9BB30A581A9C0D4D006EB245 /* tosTests.m */,
				9BB30A561A9C0D4D006EB245 /* Supporting Files */,
			);
			path = tosTests;
			sourceTree = "<group>";
		};
		9BB30A561A9C0D4D006EB245 /* Supporting Files */ = {
			isa = PBXGroup;
			children = (
				9BB30A571A9C0D4D006EB245 /* Info.plist */,
			);
			name = "Supporting Files";
			sourceTree = "<group>";
		};
/* End PBXGroup section */

/* Begin PBXNativeTarget section */
		9BB30A3E1A9C0D4D006EB245 /* tos */ = {
			isa = PBXNativeTarget;
			buildConfigurationList = 9BB30A5C1A9C0D4D006EB245 /* Build configuration list for PBXNativeTarget "tos" */;
			buildPhases = (
				9BB30A3B1A9C0D4D006EB245 /* Sources */,
				9BB30A3C1A9C0D4D006EB245 /* Frameworks */,
				9BB30A3D1A9C0D4D006EB245 /* Resources */,
			);
			buildRules = (
				9B9285441AA2D664009EF4DD /* PBXBuildRule */,
			);
			dependencies = (
			);
			name = tos;
			productName = tos;
			productReference = 9BB30A3F1A9C0D4D006EB245 /* tos.app */;
			productType = "com.apple.product-type.application";
		};
		9BB30A511A9C0D4D006EB245 /* tosTests */ = {
			isa = PBXNativeTarget;
			buildConfigurationList = 9BB30A5F1A9C0D4D006EB245 /* Build configuration list for PBXNativeTarget "tosTests" */;
			buildPhases = (
				9BB30A4E1A9C0D4D006EB245 /* Sources */,
				9BB30A4F1A9C0D4D006EB245 /* Frameworks */,
				9BB30A501A9C0D4D006EB245 /* Resources */,
			);
			buildRules = (
			);
			dependencies = (
				9BB30A541A9C0D4D006EB245 /* PBXTargetDependency */,
			);
			name = tosTests;
			productName = tosTests;
			productReference = 9BB30A521A9C0D4D006EB245 /* tosTests.xctest */;
			productType = "com.apple.product-type.bundle.unit-test";
		};
/* End PBXNativeTarget section */

/* Begin PBXProject section */
		9BB30A371A9C0D4D006EB245 /* Project object */ = {
			isa = PBXProject;
			attributes = {
				LastUpgradeCheck = 0600;
				ORGANIZATIONNAME = snk;
				TargetAttributes = {
					9BB30A3E1A9C0D4D006EB245 = {
						CreatedOnToolsVersion = 6.0.1;
					};
					9BB30A511A9C0D4D006EB245 = {
						CreatedOnToolsVersion = 6.0.1;
						TestTargetID = 9BB30A3E1A9C0D4D006EB245;
					};
				};
			};
			buildConfigurationList = 9BB30A3A1A9C0D4D006EB245 /* Build configuration list for PBXProject "tos" */;
			compatibilityVersion = "Xcode 3.2";
			developmentRegion = English;
			hasScannedForEncodings = 0;
			knownRegions = (
				en,
				Base,
			);
			mainGroup = 9BB30A361A9C0D4D006EB245;
			productRefGroup = 9BB30A401A9C0D4D006EB245 /* Products */;
			projectDirPath = "";
			projectRoot = "";
			targets = (
				9BB30A3E1A9C0D4D006EB245 /* tos */,
				9BB30A511A9C0D4D006EB245 /* tosTests */,
			);
		};
/* End PBXProject section */

/* Begin PBXResourcesBuildPhase section */
		9BB30A3D1A9C0D4D006EB245 /* Resources */ = {
			isa = PBXResourcesBuildPhase;
			buildActionMask = 2147483647;
			files = (
				9BE2FEF91AA06FA400E02FD1 /* transparent.png in Resources */,
				9BB30A4A1A9C0D4D006EB245 /* Images.xcassets in Resources */,
				9BB30A4D1A9C0D4D006EB245 /* MainMenu.xib in Resources */,
			);
			runOnlyForDeploymentPostprocessing = 0;
		};
		9BB30A501A9C0D4D006EB245 /* Resources */ = {
			isa = PBXResourcesBuildPhase;
			buildActionMask = 2147483647;
			files = (
			);
			runOnlyForDeploymentPostprocessing = 0;
		};
/* End PBXResourcesBuildPhase section */

/* Begin PBXSourcesBuildPhase section */
		9BB30A3B1A9C0D4D006EB245 /* Sources */ = {
			isa = PBXSourcesBuildPhase;
			buildActionMask = 2147483647;
			files = (
				9B03DA351AA51D3000DE5D53 /* Utils.m in Sources */,
				9B92853F1AA2CAA1009EF4DD /* TrueCards.xcdatamodeld in Sources */,
				9BB30A481A9C0D4D006EB245 /* AppDelegate.m in Sources */,
				9B9285421AA2CC0B009EF4DD /* CDManager.m in Sources */,
				9BD61C3E1AA669C300D8E510 /* TOSAlgorithm.m in Sources */,
				9BB3CD551A9FBF1F009803C6 /* TOSLog.m in Sources */,
				9BB30A451A9C0D4D006EB245 /* main.m in Sources */,
				9BE2FEFC1AA070AC00E02FD1 /* TrueCard.m in Sources */,
				9B234EC91AA3AB9400408265 /* NotificationCard.m in Sources */,
				9B9285471AA2DB72009EF4DD /* TOSMenu.m in Sources */,
			);
			runOnlyForDeploymentPostprocessing = 0;
		};
		9BB30A4E1A9C0D4D006EB245 /* Sources */ = {
			isa = PBXSourcesBuildPhase;
			buildActionMask = 2147483647;
			files = (
				9BB30A591A9C0D4D006EB245 /* tosTests.m in Sources */,
			);
			runOnlyForDeploymentPostprocessing = 0;
		};
/* End PBXSourcesBuildPhase section */

/* Begin PBXTargetDependency section */
		9BB30A541A9C0D4D006EB245 /* PBXTargetDependency */ = {
			isa = PBXTargetDependency;
			target = 9BB30A3E1A9C0D4D006EB245 /* tos */;
			targetProxy = 9BB30A531A9C0D4D006EB245 /* PBXContainerItemProxy */;
		};
/* End PBXTargetDependency section */

/* Begin PBXVariantGroup section */
		9BB30A4B1A9C0D4D006EB245 /* MainMenu.xib */ = {
			isa = PBXVariantGroup;
			children = (
				9BB30A4C1A9C0D4D006EB245 /* Base */,
			);
			name = MainMenu.xib;
			sourceTree = "<group>";
		};
/* End PBXVariantGroup section */

/* Begin XCBuildConfiguration section */
		9BB30A5A1A9C0D4D006EB245 /* Debug */ = {
			isa = XCBuildConfiguration;
			buildSettings = {
				ALWAYS_SEARCH_USER_PATHS = NO;
				CLANG_CXX_LANGUAGE_STANDARD = "gnu++0x";
				CLANG_CXX_LIBRARY = "libc++";
				CLANG_ENABLE_MODULES = YES;
				CLANG_ENABLE_OBJC_ARC = YES;
				CLANG_WARN_BOOL_CONVERSION = YES;
				CLANG_WARN_CONSTANT_CONVERSION = YES;
				CLANG_WARN_DIRECT_OBJC_ISA_USAGE = YES_ERROR;
				CLANG_WARN_EMPTY_BODY = YES;
				CLANG_WARN_ENUM_CONVERSION = YES;
				CLANG_WARN_INT_CONVERSION = YES;
				CLANG_WARN_OBJC_ROOT_CLASS = YES_ERROR;
				CLANG_WARN_UNREACHABLE_CODE = YES;
				CLANG_WARN__DUPLICATE_METHOD_MATCH = YES;
				CODE_SIGN_IDENTITY = "-";
				COPY_PHASE_STRIP = NO;
				ENABLE_STRICT_OBJC_MSGSEND = YES;
				GCC_C_LANGUAGE_STANDARD = gnu99;
				GCC_DYNAMIC_NO_PIC = NO;
				GCC_OPTIMIZATION_LEVEL = 0;
				GCC_PREPROCESSOR_DEFINITIONS = (
					"DEBUG=1",
					"$(inherited)",
				);
				GCC_SYMBOLS_PRIVATE_EXTERN = NO;
				GCC_WARN_64_TO_32_BIT_CONVERSION = YES;
				GCC_WARN_ABOUT_RETURN_TYPE = YES_ERROR;
				GCC_WARN_UNDECLARED_SELECTOR = YES;
				GCC_WARN_UNINITIALIZED_AUTOS = YES_AGGRESSIVE;
				GCC_WARN_UNUSED_FUNCTION = YES;
				GCC_WARN_UNUSED_VARIABLE = YES;
				MACOSX_DEPLOYMENT_TARGET = 10.10;
				MTL_ENABLE_DEBUG_INFO = YES;
				ONLY_ACTIVE_ARCH = YES;
				SDKROOT = macosx;
			};
			name = Debug;
		};
		9BB30A5B1A9C0D4D006EB245 /* Release */ = {
			isa = XCBuildConfiguration;
			buildSettings = {
				ALWAYS_SEARCH_USER_PATHS = NO;
				CLANG_CXX_LANGUAGE_STANDARD = "gnu++0x";
				CLANG_CXX_LIBRARY = "libc++";
				CLANG_ENABLE_MODULES = YES;
				CLANG_ENABLE_OBJC_ARC = YES;
				CLANG_WARN_BOOL_CONVERSION = YES;
				CLANG_WARN_CONSTANT_CONVERSION = YES;
				CLANG_WARN_DIRECT_OBJC_ISA_USAGE = YES_ERROR;
				CLANG_WARN_EMPTY_BODY = YES;
				CLANG_WARN_ENUM_CONVERSION = YES;
				CLANG_WARN_INT_CONVERSION = YES;
				CLANG_WARN_OBJC_ROOT_CLASS = YES_ERROR;
				CLANG_WARN_UNREACHABLE_CODE = YES;
				CLANG_WARN__DUPLICATE_METHOD_MATCH = YES;
				CODE_SIGN_IDENTITY = "-";
				COPY_PHASE_STRIP = YES;
				DEBUG_INFORMATION_FORMAT = "dwarf-with-dsym";
				ENABLE_NS_ASSERTIONS = NO;
				ENABLE_STRICT_OBJC_MSGSEND = YES;
				GCC_C_LANGUAGE_STANDARD = gnu99;
				GCC_WARN_64_TO_32_BIT_CONVERSION = YES;
				GCC_WARN_ABOUT_RETURN_TYPE = YES_ERROR;
				GCC_WARN_UNDECLARED_SELECTOR = YES;
				GCC_WARN_UNINITIALIZED_AUTOS = YES_AGGRESSIVE;
				GCC_WARN_UNUSED_FUNCTION = YES;
				GCC_WARN_UNUSED_VARIABLE = YES;
				MACOSX_DEPLOYMENT_TARGET = 10.10;
				MTL_ENABLE_DEBUG_INFO = NO;
				SDKROOT = macosx;
			};
			name = Release;
		};
		9BB30A5D1A9C0D4D006EB245 /* Debug */ = {
			isa = XCBuildConfiguration;
			buildSettings = {
				ASSETCATALOG_COMPILER_APPICON_NAME = AppIcon;
				COMBINE_HIDPI_IMAGES = YES;
				INFOPLIST_FILE = tos/Info.plist;
				LD_RUNPATH_SEARCH_PATHS = "$(inherited) @executable_path/../Frameworks";
				MACOSX_DEPLOYMENT_TARGET = 10.8;
				PRODUCT_NAME = "$(TARGET_NAME)";
			};
			name = Debug;
		};
		9BB30A5E1A9C0D4D006EB245 /* Release */ = {
			isa = XCBuildConfiguration;
			buildSettings = {
				ASSETCATALOG_COMPILER_APPICON_NAME = AppIcon;
				COMBINE_HIDPI_IMAGES = YES;
				INFOPLIST_FILE = tos/Info.plist;
				LD_RUNPATH_SEARCH_PATHS = "$(inherited) @executable_path/../Frameworks";
				MACOSX_DEPLOYMENT_TARGET = 10.8;
				PRODUCT_NAME = "$(TARGET_NAME)";
			};
			name = Release;
		};
		9BB30A601A9C0D4D006EB245 /* Debug */ = {
			isa = XCBuildConfiguration;
			buildSettings = {
				BUNDLE_LOADER = "$(TEST_HOST)";
				COMBINE_HIDPI_IMAGES = YES;
				FRAMEWORK_SEARCH_PATHS = (
					"$(DEVELOPER_FRAMEWORKS_DIR)",
					"$(inherited)",
				);
				GCC_PREPROCESSOR_DEFINITIONS = (
					"DEBUG=1",
					"$(inherited)",
				);
				INFOPLIST_FILE = tosTests/Info.plist;
				LD_RUNPATH_SEARCH_PATHS = "$(inherited) @executable_path/../Frameworks @loader_path/../Frameworks";
				MACOSX_DEPLOYMENT_TARGET = 10.8;
				PRODUCT_NAME = "$(TARGET_NAME)";
				TEST_HOST = "$(BUILT_PRODUCTS_DIR)/tos.app/Contents/MacOS/tos";
			};
			name = Debug;
		};
		9BB30A611A9C0D4D006EB245 /* Release */ = {
			isa = XCBuildConfiguration;
			buildSettings = {
				BUNDLE_LOADER = "$(TEST_HOST)";
				COMBINE_HIDPI_IMAGES = YES;
				FRAMEWORK_SEARCH_PATHS = (
					"$(DEVELOPER_FRAMEWORKS_DIR)",
					"$(inherited)",
				);
				INFOPLIST_FILE = tosTests/Info.plist;
				LD_RUNPATH_SEARCH_PATHS = "$(inherited) @executable_path/../Frameworks @loader_path/../Frameworks";
				MACOSX_DEPLOYMENT_TARGET = 10.8;
				PRODUCT_NAME = "$(TARGET_NAME)";
				TEST_HOST = "$(BUILT_PRODUCTS_DIR)/tos.app/Contents/MacOS/tos";
			};
			name = Release;
		};
/* End XCBuildConfiguration section */

/* Begin XCConfigurationList section */
		9BB30A3A1A9C0D4D006EB245 /* Build configuration list for PBXProject "tos" */ = {
			isa = XCConfigurationList;
			buildConfigurations = (
				9BB30A5A1A9C0D4D006EB245 /* Debug */,
				9BB30A5B1A9C0D4D006EB245 /* Release */,
			);
			defaultConfigurationIsVisible = 0;
			defaultConfigurationName = Release;
		};
		9BB30A5C1A9C0D4D006EB245 /* Build configuration list for PBXNativeTarget "tos" */ = {
			isa = XCConfigurationList;
			buildConfigurations = (
				9BB30A5D1A9C0D4D006EB245 /* Debug */,
				9BB30A5E1A9C0D4D006EB245 /* Release */,
			);
			defaultConfigurationIsVisible = 0;
			defaultConfigurationName = Release;
		};
		9BB30A5F1A9C0D4D006EB245 /* Build configuration list for PBXNativeTarget "tosTests" */ = {
			isa = XCConfigurationList;
			buildConfigurations = (
				9BB30A601A9C0D4D006EB245 /* Debug */,
				9BB30A611A9C0D4D006EB245 /* Release */,
			);
			defaultConfigurationIsVisible = 0;
			defaultConfigurationName = Release;
		};
/* End XCConfigurationList section */

/* Begin XCVersionGroup section */
		9B92853D1AA2CAA1009EF4DD /* TrueCards.xcdatamodeld */ = {
			isa = XCVersionGroup;
			children = (
				9B92853E1AA2CAA1009EF4DD /* TrueCards.xcdatamodel */,
			);
			currentVersion = 9B92853E1AA2CAA1009EF4DD /* TrueCards.xcdatamodel */;
			path = TrueCards.xcdatamodeld;
			sourceTree = "<group>";
			versionGroupType = wrapper.xcdatamodel;
		};
/* End XCVersionGroup section */
	};
	rootObject = 9BB30A371A9C0D4D006EB245 /* Project object */;
}
